
Microsoft Visual Studio Solution File, Format Version 12.00
# Visual Studio Version 17
VisualStudioVersion = 17.14.36221.1 d17.14
MinimumVisualStudioVersion = 10.0.40219.1
Project("{FAE04EC0-301F-11D3-BF4B-00C04F79EFBC}") = "Final - Game", "Final - Game\Final - Game.csproj", "{C1351DA9-4D50-409B-B09E-5811EAF0A4B4}"
EndProject
Global
	GlobalSection(SolutionConfigurationPlatforms) = preSolution
		Debug|Any CPU = Debug|Any CPU
		Release|Any CPU = Release|Any CPU
	EndGlobalSection
	GlobalSection(ProjectConfigurationPlatforms) = postSolution
		{C1351DA9-4D50-409B-B09E-5811EAF0A4B4}.Debug|Any CPU.ActiveCfg = Debug|Any CPU
		{C1351DA9-4D50-409B-B09E-5811EAF0A4B4}.Debug|Any CPU.Build.0 = Debug|Any CPU
		{C1351DA9-4D50-409B-B09E-5811EAF0A4B4}.Release|Any CPU.ActiveCfg = Release|Any CPU
		{C1351DA9-4D50-409B-B09E-5811EAF0A4B4}.Release|Any CPU.Build.0 = Release|Any CPU
	EndGlobalSection
	GlobalSection(SolutionProperties) = preSolution
		HideSolutionNode = FALSE
	EndGlobalSection
	GlobalSection(ExtensibilityGlobals) = postSolution
		SolutionGuid = {7D22FE67-4D26-4123-851F-360B818F26D3}
	EndGlobalSection
EndGlobal
